<Solution>
  <Project Path="Agic.AiCAdemy.Plugins.EmployeeGoal/Agic.AiCAdemy.Plugins.EmployeeGoal.csproj" Id="167eab4f-dfb7-4046-9598-7472b6249389" />
  <Project Path="Agic.AiCademy.Plugins.EmployeePerformance/Agic.AiCademy.Plugins.EmployeePerformance.csproj" Id="b5ccd26e-1794-41e7-aa92-dbb1b3c74fff" />
</Solution>
